
Microsoft Visual Studio Solution File, Format Version 12.00
# Visual Studio Version 16
VisualStudioVersion = 16.0.30503.244
MinimumVisualStudioVersion = 10.0.40219.1
Project("{FAE04EC0-301F-11D3-BF4B-00C04F79EFBC}") = "Identify triangle dimensions", "Identify triangle dimensions\Identify triangle dimensions.csproj", "{4DC7CFA1-8C7A-48CA-ACFE-55DE75C35141}"
EndProject
Project("{FAE04EC0-301F-11D3-BF4B-00C04F79EFBC}") = "Test triangle", "Test triangle\Test triangle.csproj", "{8F3790CB-9535-443F-A331-BF71FC996343}"
EndProject
Project("{FAE04EC0-301F-11D3-BF4B-00C04F79EFBC}") = "Test Triangle test", "Test Triangle test\Test Triangle test.csproj", "{B61AB397-3833-4546-A499-97B25AFB233A}"
EndProject
Project("{FAE04EC0-301F-11D3-BF4B-00C04F79EFBC}") = "triangle test", "triangle test\triangle test.csproj", "{654F1484-57D8-4F07-B149-3EF9EB05CC14}"
EndProject
Global
	GlobalSection(SolutionConfigurationPlatforms) = preSolution
		Debug|Any CPU = Debug|Any CPU
		Release|Any CPU = Release|Any CPU
	EndGlobalSection
	GlobalSection(ProjectConfigurationPlatforms) = postSolution
		{4DC7CFA1-8C7A-48CA-ACFE-55DE75C35141}.Debug|Any CPU.ActiveCfg = Debug|Any CPU
		{4DC7CFA1-8C7A-48CA-ACFE-55DE75C35141}.Debug|Any CPU.Build.0 = Debug|Any CPU
		{4DC7CFA1-8C7A-48CA-ACFE-55DE75C35141}.Release|Any CPU.ActiveCfg = Release|Any CPU
		{4DC7CFA1-8C7A-48CA-ACFE-55DE75C35141}.Release|Any CPU.Build.0 = Release|Any CPU
		{8F3790CB-9535-443F-A331-BF71FC996343}.Debug|Any CPU.ActiveCfg = Debug|Any CPU
		{8F3790CB-9535-443F-A331-BF71FC996343}.Debug|Any CPU.Build.0 = Debug|Any CPU
		{8F3790CB-9535-443F-A331-BF71FC996343}.Release|Any CPU.ActiveCfg = Release|Any CPU
		{8F3790CB-9535-443F-A331-BF71FC996343}.Release|Any CPU.Build.0 = Release|Any CPU
		{B61AB397-3833-4546-A499-97B25AFB233A}.Debug|Any CPU.ActiveCfg = Debug|Any CPU
		{B61AB397-3833-4546-A499-97B25AFB233A}.Debug|Any CPU.Build.0 = Debug|Any CPU
		{B61AB397-3833-4546-A499-97B25AFB233A}.Release|Any CPU.ActiveCfg = Release|Any CPU
		{B61AB397-3833-4546-A499-97B25AFB233A}.Release|Any CPU.Build.0 = Release|Any CPU
		{654F1484-57D8-4F07-B149-3EF9EB05CC14}.Debug|Any CPU.ActiveCfg = Debug|Any CPU
		{654F1484-57D8-4F07-B149-3EF9EB05CC14}.Debug|Any CPU.Build.0 = Debug|Any CPU
		{654F1484-57D8-4F07-B149-3EF9EB05CC14}.Release|Any CPU.ActiveCfg = Release|Any CPU
		{654F1484-57D8-4F07-B149-3EF9EB05CC14}.Release|Any CPU.Build.0 = Release|Any CPU
	EndGlobalSection
	GlobalSection(SolutionProperties) = preSolution
		HideSolutionNode = FALSE
	EndGlobalSection
	GlobalSection(ExtensibilityGlobals) = postSolution
		SolutionGuid = {379A79C5-1F3B-4276-BCF0-AD25726D3A59}
	EndGlobalSection
EndGlobal
