
Microsoft Visual Studio Solution File, Format Version 12.00
# Visual Studio Version 16
VisualStudioVersion = 16.0.30503.244
MinimumVisualStudioVersion = 10.0.40219.1
Project("{9A19103F-16F7-4668-BE54-9A1E7A4F7556}") = "Identify triangle dimensions", "Identify triangle dimensions\Identify triangle dimensions.csproj", "{4DC7CFA1-8C7A-48CA-ACFE-55DE75C35141}"
EndProject
Project("{FAE04EC0-301F-11D3-BF4B-00C04F79EFBC}") = "Triangle Unit Test", "Triangle Unit Test\Triangle Unit Test.csproj", "{B8DDE258-C59C-4EFB-9F87-1B09AB4500DA}"
EndProject
Global
	GlobalSection(SolutionConfigurationPlatforms) = preSolution
		Debug|Any CPU = Debug|Any CPU
		Release|Any CPU = Release|Any CPU
	EndGlobalSection
	GlobalSection(ProjectConfigurationPlatforms) = postSolution
		{4DC7CFA1-8C7A-48CA-ACFE-55DE75C35141}.Debug|Any CPU.ActiveCfg = Debug|Any CPU
		{4DC7CFA1-8C7A-48CA-ACFE-55DE75C35141}.Debug|Any CPU.Build.0 = Debug|Any CPU
		{4DC7CFA1-8C7A-48CA-ACFE-55DE75C35141}.Release|Any CPU.ActiveCfg = Release|Any CPU
		{4DC7CFA1-8C7A-48CA-ACFE-55DE75C35141}.Release|Any CPU.Build.0 = Release|Any CPU
		{B8DDE258-C59C-4EFB-9F87-1B09AB4500DA}.Debug|Any CPU.ActiveCfg = Debug|Any CPU
		{B8DDE258-C59C-4EFB-9F87-1B09AB4500DA}.Debug|Any CPU.Build.0 = Debug|Any CPU
		{B8DDE258-C59C-4EFB-9F87-1B09AB4500DA}.Release|Any CPU.ActiveCfg = Release|Any CPU
		{B8DDE258-C59C-4EFB-9F87-1B09AB4500DA}.Release|Any CPU.Build.0 = Release|Any CPU
	EndGlobalSection
	GlobalSection(SolutionProperties) = preSolution
		HideSolutionNode = FALSE
	EndGlobalSection
	GlobalSection(ExtensibilityGlobals) = postSolution
		SolutionGuid = {379A79C5-1F3B-4276-BCF0-AD25726D3A59}
	EndGlobalSection
EndGlobal
